<?xml version="1.0" encoding="utf-8"?>
<Project ToolsVersion="17.0" xmlns="http://schemas.microsoft.com/developer/msbuild/2003">
  <ItemGroup>
    <CustomBuild Include="C:\Users\renzo\Downloads\Apolo\Apolo-codigo\build-vs\CMakeFiles\dcd15bb23338bae7d2dd9440192e0e68\cyw43_bus_pio_spi.pio.h.rule">
      <Filter>CMake Rules</Filter>
    </CustomBuild>
    <CustomBuild Include="C:\Users\renzo\Downloads\Apolo\Apolo-codigo\build-vs\CMakeFiles\9b1441ff93f234b449674b57fcb9da6d\cyw43_driver_picow_cyw43_bus_pio_spi_pio_h.rule">
      <Filter>CMake Rules</Filter>
    </CustomBuild>
    <CustomBuild Include="C:\Users\renzo\.pico-sdk\sdk\2.2.0\src\rp2_common\pico_cyw43_driver\CMakeLists.txt" />
  </ItemGroup>
  <ItemGroup>
    <None Include="C:\Users\renzo\Downloads\Apolo\Apolo-codigo\build-vs\pico-sdk\src\rp2_common\pico_cyw43_driver\CMakeFiles\cyw43_driver_picow_cyw43_bus_pio_spi_pio_h" />
  </ItemGroup>
  <ItemGroup>
    <Filter Include="CMake Rules">
      <UniqueIdentifier>{B232353B-4479-3D90-A663-8939D592A2BA}</UniqueIdentifier>
    </Filter>
  </ItemGroup>
</Project>
